
Microsoft Visual Studio Solution File, Format Version 12.00
# Visual Studio Version 16
VisualStudioVersion = 16.0.33027.164
MinimumVisualStudioVersion = 10.0.40219.1
Project("{FAE04EC0-301F-11D3-BF4B-00C04F79EFBC}") = "lab4ex4", "lab4ex4\lab4ex4.csproj", "{EA1FFC1A-CBE8-4AE1-98DD-5AB474ED3DF1}"
EndProject
Global
	GlobalSection(SolutionConfigurationPlatforms) = preSolution
		Debug|Any CPU = Debug|Any CPU
		Release|Any CPU = Release|Any CPU
	EndGlobalSection
	GlobalSection(ProjectConfigurationPlatforms) = postSolution
		{EA1FFC1A-CBE8-4AE1-98DD-5AB474ED3DF1}.Debug|Any CPU.ActiveCfg = Debug|Any CPU
		{EA1FFC1A-CBE8-4AE1-98DD-5AB474ED3DF1}.Debug|Any CPU.Build.0 = Debug|Any CPU
		{EA1FFC1A-CBE8-4AE1-98DD-5AB474ED3DF1}.Release|Any CPU.ActiveCfg = Release|Any CPU
		{EA1FFC1A-CBE8-4AE1-98DD-5AB474ED3DF1}.Release|Any CPU.Build.0 = Release|Any CPU
	EndGlobalSection
	GlobalSection(SolutionProperties) = preSolution
		HideSolutionNode = FALSE
	EndGlobalSection
	GlobalSection(ExtensibilityGlobals) = postSolution
		SolutionGuid = {753B6763-C732-467D-901C-740CA3874DB1}
	EndGlobalSection
EndGlobal
